{
  "name": "KIMI(AI)",
  "lockfileVersion": 3,
  "requires": true,
  "packages": {
    "": {
      "dependencies": {
        "@lightningcss/linux-x64-gnu": "*"
      },
      "optionalDependencies": {
        "@lightningcss/linux-x64-gnu": "npm:null@*"
      }
    },
    "node_modules/@lightningcss/linux-x64-gnu": {
      "optional": true
    }
  }
}
